Microsoft Visual Studio Solution File, Format Version 12.00
# Visual Studio Version 17
VisualStudioVersion = 17.0.31903.59
MinimumVisualStudioVersion = 10.0.40219.1
Project("{FAE04EC0-301F-11D3-BF4B-00C04F79EFBC}") = "SqeaksDaocTextureInstaller", "src\SqeaksDaocTextureInstaller\SqeaksDaocTextureInstaller.csproj", "{965060F0-4083-418A-830A-B3B3995D8F4E}"
EndProject
Project("{FAE04EC0-301F-11D3-BF4B-00C04F79EFBC}") = "SqeaksDaocTextures.Tests", "tests\SqeaksDaocTextures.Tests\SqeaksDaocTextures.Tests.csproj", "{D58B6E62-A29B-4941-806D-C52BA7044179}"
EndProject
Global
	GlobalSection(SolutionConfigurationPlatforms) = preSolution
		Debug|Any CPU = Debug|Any CPU
		Release|Any CPU = Release|Any CPU
	EndGlobalSection
	GlobalSection(ProjectConfigurationPlatforms) = postSolution
		{965060F0-4083-418A-830A-B3B3995D8F4E}.Debug|Any CPU.ActiveCfg = Debug|Any CPU
		{965060F0-4083-418A-830A-B3B3995D8F4E}.Debug|Any CPU.Build.0 = Debug|Any CPU
		{965060F0-4083-418A-830A-B3B3995D8F4E}.Release|Any CPU.ActiveCfg = Release|Any CPU
		{965060F0-4083-418A-830A-B3B3995D8F4E}.Release|Any CPU.Build.0 = Release|Any CPU
		{D58B6E62-A29B-4941-806D-C52BA7044179}.Debug|Any CPU.ActiveCfg = Debug|Any CPU
		{D58B6E62-A29B-4941-806D-C52BA7044179}.Debug|Any CPU.Build.0 = Debug|Any CPU
		{D58B6E62-A29B-4941-806D-C52BA7044179}.Release|Any CPU.ActiveCfg = Release|Any CPU
		{D58B6E62-A29B-4941-806D-C52BA7044179}.Release|Any CPU.Build.0 = Release|Any CPU
	EndGlobalSection
EndGlobal
